
Microsoft Visual Studio Solution File, Format Version 12.00
# Visual Studio Version 17
VisualStudioVersion = 17.9.34607.119
MinimumVisualStudioVersion = 10.0.40219.1
Project("{FAE04EC0-301F-11D3-BF4B-00C04F79EFBC}") = "Laba1", "Laba1\Laba1.csproj", "{20F3DFD0-6834-47F1-B4D3-B697E84E61BA}"
EndProject
Global
	GlobalSection(SolutionConfigurationPlatforms) = preSolution
		Debug|Any CPU = Debug|Any CPU
		Release|Any CPU = Release|Any CPU
	EndGlobalSection
	GlobalSection(ProjectConfigurationPlatforms) = postSolution
		{20F3DFD0-6834-47F1-B4D3-B697E84E61BA}.Debug|Any CPU.ActiveCfg = Debug|Any CPU
		{20F3DFD0-6834-47F1-B4D3-B697E84E61BA}.Debug|Any CPU.Build.0 = Debug|Any CPU
		{20F3DFD0-6834-47F1-B4D3-B697E84E61BA}.Release|Any CPU.ActiveCfg = Release|Any CPU
		{20F3DFD0-6834-47F1-B4D3-B697E84E61BA}.Release|Any CPU.Build.0 = Release|Any CPU
	EndGlobalSection
	GlobalSection(SolutionProperties) = preSolution
		HideSolutionNode = FALSE
	EndGlobalSection
	GlobalSection(ExtensibilityGlobals) = postSolution
		SolutionGuid = {ED7CD616-6259-433B-A855-F14C179B0707}
	EndGlobalSection
EndGlobal
